// !$*UTF8*$!
{
	archiveVersion = 1;
	classes = {
	};
	objectVersion = 55;
	objects = {

/* Begin PBXBuildFile section */
		86BC1B4426FDC277006C8158 /* AppDelegate.swift in Sources */ = {isa = PBXBuildFile; fileRef = 86BC1B4326FDC277006C8158 /* AppDelegate.swift */; };
		86BC1B4626FDC277006C8158 /* SceneDelegate.swift in Sources */ = {isa = PBXBuildFile; fileRef = 86BC1B4526FDC277006C8158 /* SceneDelegate.swift */; };
		86BC1B4826FDC277006C8158 /* ViewController.swift in Sources */ = {isa = PBXBuildFile; fileRef = 86BC1B4726FDC277006C8158 /* ViewController.swift */; };
		86BC1B4B26FDC277006C8158 /* Main.storyboard in Resources */ = {isa = PBXBuildFile; fileRef = 86BC1B4926FDC277006C8158 /* Main.storyboard */; };
		86BC1B4D26FDC279006C8158 /* Assets.xcassets in Resources */ = {isa = PBXBuildFile; fileRef = 86BC1B4C26FDC279006C8158 /* Assets.xcassets */; };
		86BC1B5026FDC279006C8158 /* LaunchScreen.storyboard in Resources */ = {isa = PBXBuildFile; fileRef = 86BC1B4E26FDC279006C8158 /* LaunchScreen.storyboard */; };
		86BC1B5B26FDC279006C8158 /* riskmethodsCICDTests.swift in Sources */ = {isa = PBXBuildFile; fileRef = 86BC1B5A26FDC279006C8158 /* riskmethodsCICDTests.swift */; };
		86BC1B6526FDC279006C8158 /* riskmethodsCICDUITests.swift in Sources */ = {isa = PBXBuildFile; fileRef = 86BC1B6426FDC279006C8158 /* riskmethodsCICDUITests.swift */; };
		86BC1B6726FDC279006C8158 /* riskmethodsCICDUITestsLaunchTests.swift in Sources */ = {isa = PBXBuildFile; fileRef = 86BC1B6626FDC279006C8158 /* riskmethodsCICDUITestsLaunchTests.swift */; };
/* End PBXBuildFile section */

/* Begin PBXContainerItemProxy section */
		86BC1B5726FDC279006C8158 /* PBXContainerItemProxy */ = {
			isa = PBXContainerItemProxy;
			containerPortal = 86BC1B3826FDC277006C8158 /* Project object */;
			proxyType = 1;
			remoteGlobalIDString = 86BC1B3F26FDC277006C8158;
			remoteInfo = riskmethodsCICD;
		};
		86BC1B6126FDC279006C8158 /* PBXContainerItemProxy */ = {
			isa = PBXContainerItemProxy;
			containerPortal = 86BC1B3826FDC277006C8158 /* Project object */;
			proxyType = 1;
			remoteGlobalIDString = 86BC1B3F26FDC277006C8158;
			remoteInfo = riskmethodsCICD;
		};
/* End PBXContainerItemProxy section */

/* Begin PBXFileReference section */
		86BC1B4026FDC277006C8158 /* riskmethodsCICD.app */ = {isa = PBXFileReference; explicitFileType = wrapper.application; includeInIndex = 0; path = riskmethodsCICD.app; sourceTree = BUILT_PRODUCTS_DIR; };
		86BC1B4326FDC277006C8158 /* AppDelegate.swift */ = {isa = PBXFileReference; lastKnownFileType = sourcecode.swift; path = AppDelegate.swift; sourceTree = "<group>"; };
		86BC1B4526FDC277006C8158 /* SceneDelegate.swift */ = {isa = PBXFileReference; lastKnownFileType = sourcecode.swift; path = SceneDelegate.swift; sourceTree = "<group>"; };
		86BC1B4726FDC277006C8158 /* ViewController.swift */ = {isa = PBXFileReference; lastKnownFileType = sourcecode.swift; path = ViewController.swift; sourceTree = "<group>"; };
		86BC1B4A26FDC277006C8158 /* Base */ = {isa = PBXFileReference; lastKnownFileType = file.storyboard; name = Base; path = Base.lproj/Main.storyboard; sourceTree = "<group>"; };
		86BC1B4C26FDC279006C8158 /* Assets.xcassets */ = {isa = PBXFileReference; lastKnownFileType = folder.assetcatalog; path = Assets.xcassets; sourceTree = "<group>"; };
		86BC1B4F26FDC279006C8158 /* Base */ = {isa = PBXFileReference; lastKnownFileType = file.storyboard; name = Base; path = Base.lproj/LaunchScreen.storyboard; sourceTree = "<group>"; };
		86BC1B5126FDC279006C8158 /* Info.plist */ = {isa = PBXFileReference; lastKnownFileType = text.plist.xml; path = Info.plist; sourceTree = "<group>"; };
		86BC1B5626FDC279006C8158 /* riskmethodsCICDTests.xctest */ = {isa = PBXFileReference; explicitFileType = wrapper.cfbundle; includeInIndex = 0; path = riskmethodsCICDTests.xctest; sourceTree = BUILT_PRODUCTS_DIR; };
		86BC1B5A26FDC279006C8158 /* riskmethodsCICDTests.swift */ = {isa = PBXFileReference; lastKnownFileType = sourcecode.swift; path = riskmethodsCICDTests.swift; sourceTree = "<group>"; };
		86BC1B6026FDC279006C8158 /* riskmethodsCICDUITests.xctest */ = {isa = PBXFileReference; explicitFileType = wrapper.cfbundle; includeInIndex = 0; path = riskmethodsCICDUITests.xctest; sourceTree = BUILT_PRODUCTS_DIR; };
		86BC1B6426FDC279006C8158 /* riskmethodsCICDUITests.swift */ = {isa = PBXFileReference; lastKnownFileType = sourcecode.swift; path = riskmethodsCICDUITests.swift; sourceTree = "<group>"; };
		86BC1B6626FDC279006C8158 /* riskmethodsCICDUITestsLaunchTests.swift */ = {isa = PBXFileReference; lastKnownFileType = sourcecode.swift; path = riskmethodsCICDUITestsLaunchTests.swift; sourceTree = "<group>"; };
/* End PBXFileReference section */

/* Begin PBXFrameworksBuildPhase section */
		86BC1B3D26FDC277006C8158 /* Frameworks */ = {
			isa = PBXFrameworksBuildPhase;
			buildActionMask = 2147483647;
			files = (
			);
			runOnlyForDeploymentPostprocessing = 0;
		};
		86BC1B5326FDC279006C8158 /* Frameworks */ = {
			isa = PBXFrameworksBuildPhase;
			buildActionMask = 2147483647;
			files = (
			);
			runOnlyForDeploymentPostprocessing = 0;
		};
		86BC1B5D26FDC279006C8158 /* Frameworks */ = {
			isa = PBXFrameworksBuildPhase;
			buildActionMask = 2147483647;
			files = (
			);
			runOnlyForDeploymentPostprocessing = 0;
		};
/* End PBXFrameworksBuildPhase section */

/* Begin PBXGroup section */
		86BC1B3726FDC277006C8158 = {
			isa = PBXGroup;
			children = (
				86BC1B4226FDC277006C8158 /* riskmethodsCICD */,
				86BC1B5926FDC279006C8158 /* riskmethodsCICDTests */,
				86BC1B6326FDC279006C8158 /* riskmethodsCICDUITests */,
				86BC1B4126FDC277006C8158 /* Products */,
			);
			sourceTree = "<group>";
		};
		86BC1B4126FDC277006C8158 /* Products */ = {
			isa = PBXGroup;
			children = (
				86BC1B4026FDC277006C8158 /* riskmethodsCICD.app */,
				86BC1B5626FDC279006C8158 /* riskmethodsCICDTests.xctest */,
				86BC1B6026FDC279006C8158 /* riskmethodsCICDUITests.xctest */,
			);
			name = Products;
			sourceTree = "<group>";
		};
		86BC1B4226FDC277006C8158 /* riskmethodsCICD */ = {
			isa = PBXGroup;
			children = (
				86BC1B4326FDC277006C8158 /* AppDelegate.swift */,
				86BC1B4526FDC277006C8158 /* SceneDelegate.swift */,
				86BC1B4726FDC277006C8158 /* ViewController.swift */,
				86BC1B4926FDC277006C8158 /* Main.storyboard */,
				86BC1B4C26FDC279006C8158 /* Assets.xcassets */,
				86BC1B4E26FDC279006C8158 /* LaunchScreen.storyboard */,
				86BC1B5126FDC279006C8158 /* Info.plist */,
			);
			path = riskmethodsCICD;
			sourceTree = "<group>";
		};
		86BC1B5926FDC279006C8158 /* riskmethodsCICDTests */ = {
			isa = PBXGroup;
			children = (
				86BC1B5A26FDC279006C8158 /* riskmethodsCICDTests.swift */,
			);
			path = riskmethodsCICDTests;
			sourceTree = "<group>";
		};
		86BC1B6326FDC279006C8158 /* riskmethodsCICDUITests */ = {
			isa = PBXGroup;
			children = (
				86BC1B6426FDC279006C8158 /* riskmethodsCICDUITests.swift */,
				86BC1B6626FDC279006C8158 /* riskmethodsCICDUITestsLaunchTests.swift */,
			);
			path = riskmethodsCICDUITests;
			sourceTree = "<group>";
		};
/* End PBXGroup section */

/* Begin PBXNativeTarget section */
		86BC1B3F26FDC277006C8158 /* riskmethodsCICD */ = {
			isa = PBXNativeTarget;
			buildConfigurationList = 86BC1B6A26FDC279006C8158 /* Build configuration list for PBXNativeTarget "riskmethodsCICD" */;
			buildPhases = (
				86BC1B3C26FDC277006C8158 /* Sources */,
				86BC1B3D26FDC277006C8158 /* Frameworks */,
				86BC1B3E26FDC277006C8158 /* Resources */,
			);
			buildRules = (
			);
			dependencies = (
			);
			name = riskmethodsCICD;
			productName = riskmethodsCICD;
			productReference = 86BC1B4026FDC277006C8158 /* riskmethodsCICD.app */;
			productType = "com.apple.product-type.application";
		};
		86BC1B5526FDC279006C8158 /* riskmethodsCICDTests */ = {
			isa = PBXNativeTarget;
			buildConfigurationList = 86BC1B6D26FDC279006C8158 /* Build configuration list for PBXNativeTarget "riskmethodsCICDTests" */;
			buildPhases = (
				86BC1B5226FDC279006C8158 /* Sources */,
				86BC1B5326FDC279006C8158 /* Frameworks */,
				86BC1B5426FDC279006C8158 /* Resources */,
			);
			buildRules = (
			);
			dependencies = (
				86BC1B5826FDC279006C8158 /* PBXTargetDependency */,
			);
			name = riskmethodsCICDTests;
			productName = riskmethodsCICDTests;
			productReference = 86BC1B5626FDC279006C8158 /* riskmethodsCICDTests.xctest */;
			productType = "com.apple.product-type.bundle.unit-test";
		};
		86BC1B5F26FDC279006C8158 /* riskmethodsCICDUITests */ = {
			isa = PBXNativeTarget;
			buildConfigurationList = 86BC1B7026FDC279006C8158 /* Build configuration list for PBXNativeTarget "riskmethodsCICDUITests" */;
			buildPhases = (
				86BC1B5C26FDC279006C8158 /* Sources */,
				86BC1B5D26FDC279006C8158 /* Frameworks */,
				86BC1B5E26FDC279006C8158 /* Resources */,
			);
			buildRules = (
			);
			dependencies = (
				86BC1B6226FDC279006C8158 /* PBXTargetDependency */,
			);
			name = riskmethodsCICDUITests;
			productName = riskmethodsCICDUITests;
			productReference = 86BC1B6026FDC279006C8158 /* riskmethodsCICDUITests.xctest */;
			productType = "com.apple.product-type.bundle.ui-testing";
		};
/* End PBXNativeTarget section */

/* Begin PBXProject section */
		86BC1B3826FDC277006C8158 /* Project object */ = {
			isa = PBXProject;
			attributes = {
				BuildIndependentTargetsInParallel = 1;
				LastSwiftUpdateCheck = 1300;
				LastUpgradeCheck = 1300;
				TargetAttributes = {
					86BC1B3F26FDC277006C8158 = {
						CreatedOnToolsVersion = 13.0;
					};
					86BC1B5526FDC279006C8158 = {
						CreatedOnToolsVersion = 13.0;
						TestTargetID = 86BC1B3F26FDC277006C8158;
					};
					86BC1B5F26FDC279006C8158 = {
						CreatedOnToolsVersion = 13.0;
						TestTargetID = 86BC1B3F26FDC277006C8158;
					};
				};
			};
			buildConfigurationList = 86BC1B3B26FDC277006C8158 /* Build configuration list for PBXProject "riskmethodsCICD" */;
			compatibilityVersion = "Xcode 13.0";
			developmentRegion = en;
			hasScannedForEncodings = 0;
			knownRegions = (
				en,
				Base,
			);
			mainGroup = 86BC1B3726FDC277006C8158;
			productRefGroup = 86BC1B4126FDC277006C8158 /* Products */;
			projectDirPath = "";
			projectRoot = "";
			targets = (
				86BC1B3F26FDC277006C8158 /* riskmethodsCICD */,
				86BC1B5526FDC279006C8158 /* riskmethodsCICDTests */,
				86BC1B5F26FDC279006C8158 /* riskmethodsCICDUITests */,
			);
		};
/* End PBXProject section */

/* Begin PBXResourcesBuildPhase section */
		86BC1B3E26FDC277006C8158 /* Resources */ = {
			isa = PBXResourcesBuildPhase;
			buildActionMask = 2147483647;
			files = (
				86BC1B5026FDC279006C8158 /* LaunchScreen.storyboard in Resources */,
				86BC1B4D26FDC279006C8158 /* Assets.xcassets in Resources */,
				86BC1B4B26FDC277006C8158 /* Main.storyboard in Resources */,
			);
			runOnlyForDeploymentPostprocessing = 0;
		};
		86BC1B5426FDC279006C8158 /* Resources */ = {
			isa = PBXResourcesBuildPhase;
			buildActionMask = 2147483647;
			files = (
			);
			runOnlyForDeploymentPostprocessing = 0;
		};
		86BC1B5E26FDC279006C8158 /* Resources */ = {
			isa = PBXResourcesBuildPhase;
			buildActionMask = 2147483647;
			files = (
			);
			runOnlyForDeploymentPostprocessing = 0;
		};
/* End PBXResourcesBuildPhase section */

/* Begin PBXSourcesBuildPhase section */
		86BC1B3C26FDC277006C8158 /* Sources */ = {
			isa = PBXSourcesBuildPhase;
			buildActionMask = 2147483647;
			files = (
				86BC1B4826FDC277006C8158 /* ViewController.swift in Sources */,
				86BC1B4426FDC277006C8158 /* AppDelegate.swift in Sources */,
				86BC1B4626FDC277006C8158 /* SceneDelegate.swift in Sources */,
			);
			runOnlyForDeploymentPostprocessing = 0;
		};
		86BC1B5226FDC279006C8158 /* Sources */ = {
			isa = PBXSourcesBuildPhase;
			buildActionMask = 2147483647;
			files = (
				86BC1B5B26FDC279006C8158 /* riskmethodsCICDTests.swift in Sources */,
			);
			runOnlyForDeploymentPostprocessing = 0;
		};
		86BC1B5C26FDC279006C8158 /* Sources */ = {
			isa = PBXSourcesBuildPhase;
			buildActionMask = 2147483647;
			files = (
				86BC1B6526FDC279006C8158 /* riskmethodsCICDUITests.swift in Sources */,
				86BC1B6726FDC279006C8158 /* riskmethodsCICDUITestsLaunchTests.swift in Sources */,
			);
			runOnlyForDeploymentPostprocessing = 0;
		};
/* End PBXSourcesBuildPhase section */

/* Begin PBXTargetDependency section */
		86BC1B5826FDC279006C8158 /* PBXTargetDependency */ = {
			isa = PBXTargetDependency;
			target = 86BC1B3F26FDC277006C8158 /* riskmethodsCICD */;
			targetProxy = 86BC1B5726FDC279006C8158 /* PBXContainerItemProxy */;
		};
		86BC1B6226FDC279006C8158 /* PBXTargetDependency */ = {
			isa = PBXTargetDependency;
			target = 86BC1B3F26FDC277006C8158 /* riskmethodsCICD */;
			targetProxy = 86BC1B6126FDC279006C8158 /* PBXContainerItemProxy */;
		};
/* End PBXTargetDependency section */

/* Begin PBXVariantGroup section */
		86BC1B4926FDC277006C8158 /* Main.storyboard */ = {
			isa = PBXVariantGroup;
			children = (
				86BC1B4A26FDC277006C8158 /* Base */,
			);
			name = Main.storyboard;
			sourceTree = "<group>";
		};
		86BC1B4E26FDC279006C8158 /* LaunchScreen.storyboard */ = {
			isa = PBXVariantGroup;
			children = (
				86BC1B4F26FDC279006C8158 /* Base */,
			);
			name = LaunchScreen.storyboard;
			sourceTree = "<group>";
		};
/* End PBXVariantGroup section */

/* Begin XCBuildConfiguration section */
		86BC1B6826FDC279006C8158 /* Debug */ = {
			isa = XCBuildConfiguration;
			buildSettings = {
				ALWAYS_SEARCH_USER_PATHS = NO;
				CLANG_ANALYZER_NONNULL = YES;
				CLANG_ANALYZER_NUMBER_OBJECT_CONVERSION = YES_AGGRESSIVE;
				CLANG_CXX_LANGUAGE_STANDARD = "gnu++17";
				CLANG_CXX_LIBRARY = "libc++";
				CLANG_ENABLE_MODULES = YES;
				CLANG_ENABLE_OBJC_ARC = YES;
				CLANG_ENABLE_OBJC_WEAK = YES;
				CLANG_WARN_BLOCK_CAPTURE_AUTORELEASING = YES;
				CLANG_WARN_BOOL_CONVERSION = YES;
				CLANG_WARN_COMMA = YES;
				CLANG_WARN_CONSTANT_CONVERSION = YES;
				CLANG_WARN_DEPRECATED_OBJC_IMPLEMENTATIONS = YES;
				CLANG_WARN_DIRECT_OBJC_ISA_USAGE = YES_ERROR;
				CLANG_WARN_DOCUMENTATION_COMMENTS = YES;
				CLANG_WARN_EMPTY_BODY = YES;
				CLANG_WARN_ENUM_CONVERSION = YES;
				CLANG_WARN_INFINITE_RECURSION = YES;
				CLANG_WARN_INT_CONVERSION = YES;
				CLANG_WARN_NON_LITERAL_NULL_CONVERSION = YES;
				CLANG_WARN_OBJC_IMPLICIT_RETAIN_SELF = YES;
				CLANG_WARN_OBJC_LITERAL_CONVERSION = YES;
				CLANG_WARN_OBJC_ROOT_CLASS = YES_ERROR;
				CLANG_WARN_QUOTED_INCLUDE_IN_FRAMEWORK_HEADER = YES;
				CLANG_WARN_RANGE_LOOP_ANALYSIS = YES;
				CLANG_WARN_STRICT_PROTOTYPES = YES;
				CLANG_WARN_SUSPICIOUS_MOVE = YES;
				CLANG_WARN_UNGUARDED_AVAILABILITY = YES_AGGRESSIVE;
				CLANG_WARN_UNREACHABLE_CODE = YES;
				CLANG_WARN__DUPLICATE_METHOD_MATCH = YES;
				COPY_PHASE_STRIP = NO;
				DEBUG_INFORMATION_FORMAT = dwarf;
				ENABLE_STRICT_OBJC_MSGSEND = YES;
				ENABLE_TESTABILITY = YES;
				GCC_C_LANGUAGE_STANDARD = gnu11;
				GCC_DYNAMIC_NO_PIC = NO;
				GCC_NO_COMMON_BLOCKS = YES;
				GCC_OPTIMIZATION_LEVEL = 0;
				GCC_PREPROCESSOR_DEFINITIONS = (
					"DEBUG=1",
					"$(inherited)",
				);
				GCC_WARN_64_TO_32_BIT_CONVERSION = YES;
				GCC_WARN_ABOUT_RETURN_TYPE = YES_ERROR;
				GCC_WARN_UNDECLARED_SELECTOR = YES;
				GCC_WARN_UNINITIALIZED_AUTOS = YES_AGGRESSIVE;
				GCC_WARN_UNUSED_FUNCTION = YES;
				GCC_WARN_UNUSED_VARIABLE = YES;
				IPHONEOS_DEPLOYMENT_TARGET = 15.0;
				MTL_ENABLE_DEBUG_INFO = INCLUDE_SOURCE;
				MTL_FAST_MATH = YES;
				ONLY_ACTIVE_ARCH = YES;
				SDKROOT = iphoneos;
				SWIFT_ACTIVE_COMPILATION_CONDITIONS = DEBUG;
				SWIFT_OPTIMIZATION_LEVEL = "-Onone";
			};
			name = Debug;
		};
		86BC1B6926FDC279006C8158 /* Release */ = {
			isa = XCBuildConfiguration;
			buildSettings = {
				ALWAYS_SEARCH_USER_PATHS = NO;
				CLANG_ANALYZER_NONNULL = YES;
				CLANG_ANALYZER_NUMBER_OBJECT_CONVERSION = YES_AGGRESSIVE;
				CLANG_CXX_LANGUAGE_STANDARD = "gnu++17";
				CLANG_CXX_LIBRARY = "libc++";
				CLANG_ENABLE_MODULES = YES;
				CLANG_ENABLE_OBJC_ARC = YES;
				CLANG_ENABLE_OBJC_WEAK = YES;
				CLANG_WARN_BLOCK_CAPTURE_AUTORELEASING = YES;
				CLANG_WARN_BOOL_CONVERSION = YES;
				CLANG_WARN_COMMA = YES;
				CLANG_WARN_CONSTANT_CONVERSION = YES;
				CLANG_WARN_DEPRECATED_OBJC_IMPLEMENTATIONS = YES;
				CLANG_WARN_DIRECT_OBJC_ISA_USAGE = YES_ERROR;
				CLANG_WARN_DOCUMENTATION_COMMENTS = YES;
				CLANG_WARN_EMPTY_BODY = YES;
				CLANG_WARN_ENUM_CONVERSION = YES;
				CLANG_WARN_INFINITE_RECURSION = YES;
				CLANG_WARN_INT_CONVERSION = YES;
				CLANG_WARN_NON_LITERAL_NULL_CONVERSION = YES;
				CLANG_WARN_OBJC_IMPLICIT_RETAIN_SELF = YES;
				CLANG_WARN_OBJC_LITERAL_CONVERSION = YES;
				CLANG_WARN_OBJC_ROOT_CLASS = YES_ERROR;
				CLANG_WARN_QUOTED_INCLUDE_IN_FRAMEWORK_HEADER = YES;
				CLANG_WARN_RANGE_LOOP_ANALYSIS = YES;
				CLANG_WARN_STRICT_PROTOTYPES = YES;
				CLANG_WARN_SUSPICIOUS_MOVE = YES;
				CLANG_WARN_UNGUARDED_AVAILABILITY = YES_AGGRESSIVE;
				CLANG_WARN_UNREACHABLE_CODE = YES;
				CLANG_WARN__DUPLICATE_METHOD_MATCH = YES;
				COPY_PHASE_STRIP = NO;
				DEBUG_INFORMATION_FORMAT = "dwarf-with-dsym";
				ENABLE_NS_ASSERTIONS = NO;
				ENABLE_STRICT_OBJC_MSGSEND = YES;
				GCC_C_LANGUAGE_STANDARD = gnu11;
				GCC_NO_COMMON_BLOCKS = YES;
				GCC_WARN_64_TO_32_BIT_CONVERSION = YES;
				GCC_WARN_ABOUT_RETURN_TYPE = YES_ERROR;
				GCC_WARN_UNDECLARED_SELECTOR = YES;
				GCC_WARN_UNINITIALIZED_AUTOS = YES_AGGRESSIVE;
				GCC_WARN_UNUSED_FUNCTION = YES;
				GCC_WARN_UNUSED_VARIABLE = YES;
				IPHONEOS_DEPLOYMENT_TARGET = 15.0;
				MTL_ENABLE_DEBUG_INFO = NO;
				MTL_FAST_MATH = YES;
				SDKROOT = iphoneos;
				SWIFT_COMPILATION_MODE = wholemodule;
				SWIFT_OPTIMIZATION_LEVEL = "-O";
				VALIDATE_PRODUCT = YES;
			};
			name = Release;
		};
		86BC1B6B26FDC279006C8158 /* Debug */ = {
			isa = XCBuildConfiguration;
			buildSettings = {
				ASSETCATALOG_COMPILER_APPICON_NAME = AppIcon;
				ASSETCATALOG_COMPILER_GLOBAL_ACCENT_COLOR_NAME = AccentColor;
				CODE_SIGN_STYLE = Automatic;
				CURRENT_PROJECT_VERSION = 1;
				DEVELOPMENT_TEAM = 5BQGY9G2Z4;
				GENERATE_INFOPLIST_FILE = YES;
				INFOPLIST_FILE = riskmethodsCICD/Info.plist;
				INFOPLIST_KEY_UIApplicationSupportsIndirectInputEvents = YES;
				INFOPLIST_KEY_UILaunchStoryboardName = LaunchScreen;
				INFOPLIST_KEY_UIMainStoryboardFile = Main;
				INFOPLIST_KEY_UISupportedInterfaceOrientations_iPad = "UIInterfaceOrientationPortrait UIInterfaceOrientationPortraitUpsideDown UIInterfaceOrientationLandscapeLeft UIInterfaceOrientationLandscapeRight";
				INFOPLIST_KEY_UISupportedInterfaceOrientations_iPhone = "UIInterfaceOrientationPortrait UIInterfaceOrientationLandscapeLeft UIInterfaceOrientationLandscapeRight";
				LD_RUNPATH_SEARCH_PATHS = (
					"$(inherited)",
					"@executable_path/Frameworks",
				);
				MARKETING_VERSION = 1.0;
				PRODUCT_BUNDLE_IDENTIFIER = com.test.riskmethodsCICD;
				PRODUCT_NAME = "$(TARGET_NAME)";
				SWIFT_EMIT_LOC_STRINGS = YES;
				SWIFT_VERSION = 5.0;
				TARGETED_DEVICE_FAMILY = "1,2";
			};
			name = Debug;
		};
		86BC1B6C26FDC279006C8158 /* Release */ = {
			isa = XCBuildConfiguration;
			buildSettings = {
				ASSETCATALOG_COMPILER_APPICON_NAME = AppIcon;
				ASSETCATALOG_COMPILER_GLOBAL_ACCENT_COLOR_NAME = AccentColor;
				CODE_SIGN_STYLE = Automatic;
				CURRENT_PROJECT_VERSION = 1;
				DEVELOPMENT_TEAM = 5BQGY9G2Z4;
				GENERATE_INFOPLIST_FILE = YES;
				INFOPLIST_FILE = riskmethodsCICD/Info.plist;
				INFOPLIST_KEY_UIApplicationSupportsIndirectInputEvents = YES;
				INFOPLIST_KEY_UILaunchStoryboardName = LaunchScreen;
				INFOPLIST_KEY_UIMainStoryboardFile = Main;
				INFOPLIST_KEY_UISupportedInterfaceOrientations_iPad = "UIInterfaceOrientationPortrait UIInterfaceOrientationPortraitUpsideDown UIInterfaceOrientationLandscapeLeft UIInterfaceOrientationLandscapeRight";
				INFOPLIST_KEY_UISupportedInterfaceOrientations_iPhone = "UIInterfaceOrientationPortrait UIInterfaceOrientationLandscapeLeft UIInterfaceOrientationLandscapeRight";
				LD_RUNPATH_SEARCH_PATHS = (
					"$(inherited)",
					"@executable_path/Frameworks",
				);
				MARKETING_VERSION = 1.0;
				PRODUCT_BUNDLE_IDENTIFIER = com.test.riskmethodsCICD;
				PRODUCT_NAME = "$(TARGET_NAME)";
				SWIFT_EMIT_LOC_STRINGS = YES;
				SWIFT_VERSION = 5.0;
				TARGETED_DEVICE_FAMILY = "1,2";
			};
			name = Release;
		};
		86BC1B6E26FDC279006C8158 /* Debug */ = {
			isa = XCBuildConfiguration;
			buildSettings = {
				ALWAYS_EMBED_SWIFT_STANDARD_LIBRARIES = YES;
				BUNDLE_LOADER = "$(TEST_HOST)";
				CODE_SIGN_STYLE = Automatic;
				CURRENT_PROJECT_VERSION = 1;
				DEVELOPMENT_TEAM = 5BQGY9G2Z4;
				GENERATE_INFOPLIST_FILE = YES;
				IPHONEOS_DEPLOYMENT_TARGET = 15.0;
				LD_RUNPATH_SEARCH_PATHS = (
					"$(inherited)",
					"@executable_path/Frameworks",
					"@loader_path/Frameworks",
				);
				MARKETING_VERSION = 1.0;
				PRODUCT_BUNDLE_IDENTIFIER = com.test.riskmethodsCICDTests;
				PRODUCT_NAME = "$(TARGET_NAME)";
				SWIFT_EMIT_LOC_STRINGS = NO;
				SWIFT_VERSION = 5.0;
				TARGETED_DEVICE_FAMILY = "1,2";
				TEST_HOST = "$(BUILT_PRODUCTS_DIR)/riskmethodsCICD.app/riskmethodsCICD";
			};
			name = Debug;
		};
		86BC1B6F26FDC279006C8158 /* Release */ = {
			isa = XCBuildConfiguration;
			buildSettings = {
				ALWAYS_EMBED_SWIFT_STANDARD_LIBRARIES = YES;
				BUNDLE_LOADER = "$(TEST_HOST)";
				CODE_SIGN_STYLE = Automatic;
				CURRENT_PROJECT_VERSION = 1;
				DEVELOPMENT_TEAM = 5BQGY9G2Z4;
				GENERATE_INFOPLIST_FILE = YES;
				IPHONEOS_DEPLOYMENT_TARGET = 15.0;
				LD_RUNPATH_SEARCH_PATHS = (
					"$(inherited)",
					"@executable_path/Frameworks",
					"@loader_path/Frameworks",
				);
				MARKETING_VERSION = 1.0;
				PRODUCT_BUNDLE_IDENTIFIER = com.test.riskmethodsCICDTests;
				PRODUCT_NAME = "$(TARGET_NAME)";
				SWIFT_EMIT_LOC_STRINGS = NO;
				SWIFT_VERSION = 5.0;
				TARGETED_DEVICE_FAMILY = "1,2";
				TEST_HOST = "$(BUILT_PRODUCTS_DIR)/riskmethodsCICD.app/riskmethodsCICD";
			};
			name = Release;
		};
		86BC1B7126FDC279006C8158 /* Debug */ = {
			isa = XCBuildConfiguration;
			buildSettings = {
				ALWAYS_EMBED_SWIFT_STANDARD_LIBRARIES = YES;
				CODE_SIGN_STYLE = Automatic;
				CURRENT_PROJECT_VERSION = 1;
				DEVELOPMENT_TEAM = 5BQGY9G2Z4;
				GENERATE_INFOPLIST_FILE = YES;
				LD_RUNPATH_SEARCH_PATHS = (
					"$(inherited)",
					"@executable_path/Frameworks",
					"@loader_path/Frameworks",
				);
				MARKETING_VERSION = 1.0;
				PRODUCT_BUNDLE_IDENTIFIER = com.test.riskmethodsCICDUITests;
				PRODUCT_NAME = "$(TARGET_NAME)";
				SWIFT_EMIT_LOC_STRINGS = NO;
				SWIFT_VERSION = 5.0;
				TARGETED_DEVICE_FAMILY = "1,2";
				TEST_TARGET_NAME = riskmethodsCICD;
			};
			name = Debug;
		};
		86BC1B7226FDC279006C8158 /* Release */ = {
			isa = XCBuildConfiguration;
			buildSettings = {
				ALWAYS_EMBED_SWIFT_STANDARD_LIBRARIES = YES;
				CODE_SIGN_STYLE = Automatic;
				CURRENT_PROJECT_VERSION = 1;
				DEVELOPMENT_TEAM = 5BQGY9G2Z4;
				GENERATE_INFOPLIST_FILE = YES;
				LD_RUNPATH_SEARCH_PATHS = (
					"$(inherited)",
					"@executable_path/Frameworks",
					"@loader_path/Frameworks",
				);
				MARKETING_VERSION = 1.0;
				PRODUCT_BUNDLE_IDENTIFIER = com.test.riskmethodsCICDUITests;
				PRODUCT_NAME = "$(TARGET_NAME)";
				SWIFT_EMIT_LOC_STRINGS = NO;
				SWIFT_VERSION = 5.0;
				TARGETED_DEVICE_FAMILY = "1,2";
				TEST_TARGET_NAME = riskmethodsCICD;
			};
			name = Release;
		};
/* End XCBuildConfiguration section */

/* Begin XCConfigurationList section */
		86BC1B3B26FDC277006C8158 /* Build configuration list for PBXProject "riskmethodsCICD" */ = {
			isa = XCConfigurationList;
			buildConfigurations = (
				86BC1B6826FDC279006C8158 /* Debug */,
				86BC1B6926FDC279006C8158 /* Release */,
			);
			defaultConfigurationIsVisible = 0;
			defaultConfigurationName = Release;
		};
		86BC1B6A26FDC279006C8158 /* Build configuration list for PBXNativeTarget "riskmethodsCICD" */ = {
			isa = XCConfigurationList;
			buildConfigurations = (
				86BC1B6B26FDC279006C8158 /* Debug */,
				86BC1B6C26FDC279006C8158 /* Release */,
			);
			defaultConfigurationIsVisible = 0;
			defaultConfigurationName = Release;
		};
		86BC1B6D26FDC279006C8158 /* Build configuration list for PBXNativeTarget "riskmethodsCICDTests" */ = {
			isa = XCConfigurationList;
			buildConfigurations = (
				86BC1B6E26FDC279006C8158 /* Debug */,
				86BC1B6F26FDC279006C8158 /* Release */,
			);
			defaultConfigurationIsVisible = 0;
			defaultConfigurationName = Release;
		};
		86BC1B7026FDC279006C8158 /* Build configuration list for PBXNativeTarget "riskmethodsCICDUITests" */ = {
			isa = XCConfigurationList;
			buildConfigurations = (
				86BC1B7126FDC279006C8158 /* Debug */,
				86BC1B7226FDC279006C8158 /* Release */,
			);
			defaultConfigurationIsVisible = 0;
			defaultConfigurationName = Release;
		};
/* End XCConfigurationList section */
	};
	rootObject = 86BC1B3826FDC277006C8158 /* Project object */;
}
